
Microsoft Visual Studio Solution File, Format Version 12.00
# Visual Studio 2012
Project("{FAE04EC0-301F-11D3-BF4B-00C04F79EFBC}") = "Com.NaikVarun.WPFUtil", "WPFUtil\Com.NaikVarun.WPFUtil.csproj", "{9EC3F671-7155-43A2-9154-34236993F4D4}"
EndProject
Project("{FAE04EC0-301F-11D3-BF4B-00C04F79EFBC}") = "FunctionalFun", "FunctionalFun\FunctionalFun.csproj", "{A9288DB0-6EB9-4E46-81E5-66A0B2F3E58E}"
EndProject
Global
	GlobalSection(SolutionConfigurationPlatforms) = preSolution
		Debug|Any CPU = Debug|Any CPU
		Release|Any CPU = Release|Any CPU
	EndGlobalSection
	GlobalSection(ProjectConfigurationPlatforms) = postSolution
		{9EC3F671-7155-43A2-9154-34236993F4D4}.Debug|Any CPU.ActiveCfg = Debug|Any CPU
		{9EC3F671-7155-43A2-9154-34236993F4D4}.Debug|Any CPU.Build.0 = Debug|Any CPU
		{9EC3F671-7155-43A2-9154-34236993F4D4}.Release|Any CPU.ActiveCfg = Release|Any CPU
		{9EC3F671-7155-43A2-9154-34236993F4D4}.Release|Any CPU.Build.0 = Release|Any CPU
		{A9288DB0-6EB9-4E46-81E5-66A0B2F3E58E}.Debug|Any CPU.ActiveCfg = Debug|Any CPU
		{A9288DB0-6EB9-4E46-81E5-66A0B2F3E58E}.Debug|Any CPU.Build.0 = Debug|Any CPU
		{A9288DB0-6EB9-4E46-81E5-66A0B2F3E58E}.Release|Any CPU.ActiveCfg = Release|Any CPU
		{A9288DB0-6EB9-4E46-81E5-66A0B2F3E58E}.Release|Any CPU.Build.0 = Release|Any CPU
	EndGlobalSection
	GlobalSection(SolutionProperties) = preSolution
		HideSolutionNode = FALSE
	EndGlobalSection
EndGlobal
